{
  "version": "5",
  "specifiers": {
    "jsr:@noble/curves@2.3.0": "2.3.0",
    "jsr:@noble/ed25519@^3.1.0": "3.1.0",
    "jsr:@noble/hashes@2.3.0": "2.3.0",
    "jsr:@noble/secp256k1@3.1.0": "3.1.0",
    "jsr:@onamea/types@~0.5.2": "0.5.2",
    "jsr:@scure/base@2.3.0": "2.3.0",
    "jsr:@scure/bip32@^2.2.0": "2.3.0",
    "jsr:@scure/bip39@^2.2.0": "2.3.0"
  },
  "jsr": {
    "@noble/curves@2.3.0": {
      "integrity": "bd5045770794f80d2db22b1819cf94b8e4c0254b6ee0da178b860c61c37bf324",
      "dependencies": [
        "jsr:@noble/hashes"
      ]
    },
    "@noble/ed25519@3.1.0": {
      "integrity": "30a76690b05ef5e71cf9573d9617a8483cdf5368414040909b028802103fdc85"
    },
    "@noble/hashes@2.3.0": {
      "integrity": "dcbcf932492f0453e5abe95bdc610d645084883c3fe0e9055802462ad7fc719b"
    },
    "@noble/secp256k1@3.1.0": {
      "integrity": "cd6b02d94b96ce37f6ef332fa20ebaeefa603edda5e3488f15be06fd1a52a359"
    },
    "@onamea/types@0.5.2": {
      "integrity": "3ceb434cec036ce3cedc7549a5e13f8f85df93daa894999d0143e51811023967",
      "dependencies": [
        "jsr:@noble/ed25519",
        "jsr:@noble/hashes",
        "jsr:@noble/secp256k1",
        "jsr:@scure/bip32",
        "jsr:@scure/bip39"
      ]
    },
    "@scure/base@2.3.0": {
      "integrity": "c63d67912885ed1f0412200d896f3695f1b1a5b01a323ae8792d9d53bc20e608"
    },
    "@scure/bip32@2.3.0": {
      "integrity": "0c42aa8bcbed4bae5a429ce71aba02cb48e9b1af8d282bc55983871ad3eaa652",
      "dependencies": [
        "jsr:@noble/curves",
        "jsr:@noble/hashes",
        "jsr:@scure/base"
      ]
    },
    "@scure/bip39@2.3.0": {
      "integrity": "f774ade2d9b656ad4ed85b0a350baa7d701fa57667574b690108491407652c19",
      "dependencies": [
        "jsr:@noble/hashes"
      ]
    }
  },
  "workspace": {
    "dependencies": [
      "jsr:@onamea/types@~0.5.2"
    ]
  }
}
